// !$*UTF8*$!
{
	archiveVersion = 1;
	classes = {
	};
	objectVersion = 55;
	objects = {

/* Begin PBXBuildFile section */
		6B8BDD2B88EC97C6E9D6EAD2 /* Pods_K_A_C_M_O_Angulugaha_COBSCcomp192p_59_K_A_C_M_O_Angulugaha_COBSCcomp192p_59UITests.framework in Frameworks */ = {isa = PBXBuildFile; fileRef = 848DECDD62998E135B65F8C0 /* Pods_K_A_C_M_O_Angulugaha_COBSCcomp192p_59_K_A_C_M_O_Angulugaha_COBSCcomp192p_59UITests.framework */; };
		8F4B9913946477D4EAFC03B5 /* Pods_K_A_C_M_O_Angulugaha_COBSCcomp192p_59Tests.framework in Frameworks */ = {isa = PBXBuildFile; fileRef = B38DA71357202400B33BA98A /* Pods_K_A_C_M_O_Angulugaha_COBSCcomp192p_59Tests.framework */; };
		E258F3C627419497006DA0CE /* HomeViewController.swift in Sources */ = {isa = PBXBuildFile; fileRef = E258F3C527419497006DA0CE /* HomeViewController.swift */; };
		E258F3C827419856006DA0CE /* HomeViewModel.swift in Sources */ = {isa = PBXBuildFile; fileRef = E258F3C727419856006DA0CE /* HomeViewModel.swift */; };
		E258F3CA2741986D006DA0CE /* HomeCoordinator.swift in Sources */ = {isa = PBXBuildFile; fileRef = E258F3C92741986D006DA0CE /* HomeCoordinator.swift */; };
		E258F3CC274198C5006DA0CE /* ParkingSlotCell.swift in Sources */ = {isa = PBXBuildFile; fileRef = E258F3CB274198C5006DA0CE /* ParkingSlotCell.swift */; };
		E258F3CF27419D00006DA0CE /* ParkingSlot.swift in Sources */ = {isa = PBXBuildFile; fileRef = E258F3CE27419D00006DA0CE /* ParkingSlot.swift */; };
		E258F3D12745F8BB006DA0CE /* parkingSlots.json in Resources */ = {isa = PBXBuildFile; fileRef = E258F3D02745F8BB006DA0CE /* parkingSlots.json */; };
		E258F3D427461E4F006DA0CE /* BookingViewController.swift in Sources */ = {isa = PBXBuildFile; fileRef = E258F3D327461E4F006DA0CE /* BookingViewController.swift */; };
		E258F3D627461E9E006DA0CE /* BookingViewModel.swift in Sources */ = {isa = PBXBuildFile; fileRef = E258F3D527461E9E006DA0CE /* BookingViewModel.swift */; };
		E258F3D827461EBD006DA0CE /* BookingCoordinator.swift in Sources */ = {isa = PBXBuildFile; fileRef = E258F3D727461EBD006DA0CE /* BookingCoordinator.swift */; };
		E2B6B9E3273ED6B600CBFDFB /* AppDelegate.swift in Sources */ = {isa = PBXBuildFile; fileRef = E2B6B9E2273ED6B600CBFDFB /* AppDelegate.swift */; };
		E2B6B9E7273ED6B600CBFDFB /* LauncherViewController.swift in Sources */ = {isa = PBXBuildFile; fileRef = E2B6B9E6273ED6B600CBFDFB /* LauncherViewController.swift */; };
		E2B6B9EA273ED6B600CBFDFB /* Main.storyboard in Resources */ = {isa = PBXBuildFile; fileRef = E2B6B9E8273ED6B600CBFDFB /* Main.storyboard */; };
		E2B6B9EC273ED6B800CBFDFB /* Assets.xcassets in Resources */ = {isa = PBXBuildFile; fileRef = E2B6B9EB273ED6B800CBFDFB /* Assets.xcassets */; };
		E2B6B9EF273ED6B800CBFDFB /* LaunchScreen.storyboard in Resources */ = {isa = PBXBuildFile; fileRef = E2B6B9ED273ED6B800CBFDFB /* LaunchScreen.storyboard */; };
		E2B6B9FA273ED6B800CBFDFB /* K_A_C_M_O_Angulugaha_COBSCcomp192p_59Tests.swift in Sources */ = {isa = PBXBuildFile; fileRef = E2B6B9F9273ED6B800CBFDFB /* K_A_C_M_O_Angulugaha_COBSCcomp192p_59Tests.swift */; };
		E2B6BA04273ED6B800CBFDFB /* K_A_C_M_O_Angulugaha_COBSCcomp192p_59UITests.swift in Sources */ = {isa = PBXBuildFile; fileRef = E2B6BA03273ED6B800CBFDFB /* K_A_C_M_O_Angulugaha_COBSCcomp192p_59UITests.swift */; };
		E2B6BA06273ED6B800CBFDFB /* K_A_C_M_O_Angulugaha_COBSCcomp192p_59UITestsLaunchTests.swift in Sources */ = {isa = PBXBuildFile; fileRef = E2B6BA05273ED6B800CBFDFB /* K_A_C_M_O_Angulugaha_COBSCcomp192p_59UITestsLaunchTests.swift */; };
		E2B6BA26273ED76600CBFDFB /* OpenSans-Light.ttf in Resources */ = {isa = PBXBuildFile; fileRef = E2B6BA1A273ED76500CBFDFB /* OpenSans-Light.ttf */; };
		E2B6BA27273ED76600CBFDFB /* OpenSans-ExtraBold.ttf in Resources */ = {isa = PBXBuildFile; fileRef = E2B6BA1B273ED76500CBFDFB /* OpenSans-ExtraBold.ttf */; };
		E2B6BA28273ED76600CBFDFB /* OpenSans-Italic.ttf in Resources */ = {isa = PBXBuildFile; fileRef = E2B6BA1C273ED76500CBFDFB /* OpenSans-Italic.ttf */; };
		E2B6BA29273ED76600CBFDFB /* OpenSans-BoldItalic.ttf in Resources */ = {isa = PBXBuildFile; fileRef = E2B6BA1D273ED76500CBFDFB /* OpenSans-BoldItalic.ttf */; };
		E2B6BA2A273ED76600CBFDFB /* OpenSans-ExtraBoldItalic.ttf in Resources */ = {isa = PBXBuildFile; fileRef = E2B6BA1E273ED76500CBFDFB /* OpenSans-ExtraBoldItalic.ttf */; };
		E2B6BA2B273ED76600CBFDFB /* OpenSans-SemiBold.ttf in Resources */ = {isa = PBXBuildFile; fileRef = E2B6BA1F273ED76500CBFDFB /* OpenSans-SemiBold.ttf */; };
		E2B6BA2C273ED76600CBFDFB /* OpenSans-SemiBoldItalic.ttf in Resources */ = {isa = PBXBuildFile; fileRef = E2B6BA20273ED76500CBFDFB /* OpenSans-SemiBoldItalic.ttf */; };
		E2B6BA2D273ED76600CBFDFB /* OpenSans-Bold.ttf in Resources */ = {isa = PBXBuildFile; fileRef = E2B6BA21273ED76500CBFDFB /* OpenSans-Bold.ttf */; };
		E2B6BA2E273ED76600CBFDFB /* OpenSans-Regular.ttf in Resources */ = {isa = PBXBuildFile; fileRef = E2B6BA22273ED76500CBFDFB /* OpenSans-Regular.ttf */; };
		E2B6BA2F273ED76600CBFDFB /* OpenSans-LightItalic.ttf in Resources */ = {isa = PBXBuildFile; fileRef = E2B6BA23273ED76500CBFDFB /* OpenSans-LightItalic.ttf */; };
		E2B6BA30273ED76600CBFDFB /* SourceSansPro-SemiBold.ttf in Resources */ = {isa = PBXBuildFile; fileRef = E2B6BA24273ED76500CBFDFB /* SourceSansPro-SemiBold.ttf */; };
		E2B6BA31273ED76600CBFDFB /* Montserrat-Bold.ttf in Resources */ = {isa = PBXBuildFile; fileRef = E2B6BA25273ED76500CBFDFB /* Montserrat-Bold.ttf */; };
		E2B6BA38273F6EB000CBFDFB /* Coordinator.swift in Sources */ = {isa = PBXBuildFile; fileRef = E2B6BA37273F6EB000CBFDFB /* Coordinator.swift */; };
		E2B6BA3A273F6EF300CBFDFB /* LauncherCoordinator.swift in Sources */ = {isa = PBXBuildFile; fileRef = E2B6BA39273F6EF300CBFDFB /* LauncherCoordinator.swift */; };
		E2B6BA3C273F72DC00CBFDFB /* LauncherViewModel.swift in Sources */ = {isa = PBXBuildFile; fileRef = E2B6BA3B273F72DC00CBFDFB /* LauncherViewModel.swift */; };
		E2B6BA3E273F7BEC00CBFDFB /* AppCoordinator.swift in Sources */ = {isa = PBXBuildFile; fileRef = E2B6BA3D273F7BEC00CBFDFB /* AppCoordinator.swift */; };
		E2B6BA41273F81E300CBFDFB /* DashboardViewController.swift in Sources */ = {isa = PBXBuildFile; fileRef = E2B6BA40273F81E300CBFDFB /* DashboardViewController.swift */; };
		E2B6BA43273F820800CBFDFB /* DashboardViewModel.swift in Sources */ = {isa = PBXBuildFile; fileRef = E2B6BA42273F820800CBFDFB /* DashboardViewModel.swift */; };
		E2B6BA45273F821E00CBFDFB /* DashboardCoordinator.swift in Sources */ = {isa = PBXBuildFile; fileRef = E2B6BA44273F821E00CBFDFB /* DashboardCoordinator.swift */; };
		E2B6BA47273FA2EC00CBFDFB /* GoogleService-Info.plist in Resources */ = {isa = PBXBuildFile; fileRef = E2B6BA46273FA2EC00CBFDFB /* GoogleService-Info.plist */; };
		E2B6BA4B273FA83E00CBFDFB /* SignInViewController.swift in Sources */ = {isa = PBXBuildFile; fileRef = E2B6BA4A273FA83E00CBFDFB /* SignInViewController.swift */; };
		E2B6BA4D273FA8EB00CBFDFB /* User.swift in Sources */ = {isa = PBXBuildFile; fileRef = E2B6BA4C273FA8EB00CBFDFB /* User.swift */; };
		E2B6BA4F273FAA3900CBFDFB /* SignInViewModel.swift in Sources */ = {isa = PBXBuildFile; fileRef = E2B6BA4E273FAA3900CBFDFB /* SignInViewModel.swift */; };
		E2B6BA51273FAFDD00CBFDFB /* Alert.swift in Sources */ = {isa = PBXBuildFile; fileRef = E2B6BA50273FAFDD00CBFDFB /* Alert.swift */; };
		E2B6BA53273FB17B00CBFDFB /* Utils.swift in Sources */ = {isa = PBXBuildFile; fileRef = E2B6BA52273FB17B00CBFDFB /* Utils.swift */; };
		E2B6BA55273FB30D00CBFDFB /* SignInCoordinator.swift in Sources */ = {isa = PBXBuildFile; fileRef = E2B6BA54273FB30D00CBFDFB /* SignInCoordinator.swift */; };
		E2B6BA58273FB64100CBFDFB /* SignUpViewController.swift in Sources */ = {isa = PBXBuildFile; fileRef = E2B6BA57273FB64100CBFDFB /* SignUpViewController.swift */; };
		E2B6BA5A273FB68800CBFDFB /* SignUpViewModel.swift in Sources */ = {isa = PBXBuildFile; fileRef = E2B6BA59273FB68800CBFDFB /* SignUpViewModel.swift */; };
		E2B6BA5C273FB69900CBFDFB /* SignUpCoordinator.swift in Sources */ = {isa = PBXBuildFile; fileRef = E2B6BA5B273FB69900CBFDFB /* SignUpCoordinator.swift */; };
		E335A4C947090FB43EB41F0A /* Pods_K_A_C_M_O_Angulugaha_COBSCcomp192p_59.framework in Frameworks */ = {isa = PBXBuildFile; fileRef = FC4CD33EC69B2A3759AA04EF /* Pods_K_A_C_M_O_Angulugaha_COBSCcomp192p_59.framework */; };
/* End PBXBuildFile section */

/* Begin PBXContainerItemProxy section */
		E2B6B9F6273ED6B800CBFDFB /* PBXContainerItemProxy */ = {
			isa = PBXContainerItemProxy;
			containerPortal = E2B6B9D7273ED6B600CBFDFB /* Project object */;
			proxyType = 1;
			remoteGlobalIDString = E2B6B9DE273ED6B600CBFDFB;
			remoteInfo = "K.A.C.M.O.Angulugaha-COBSCcomp192p-59";
		};
		E2B6BA00273ED6B800CBFDFB /* PBXContainerItemProxy */ = {
			isa = PBXContainerItemProxy;
			containerPortal = E2B6B9D7273ED6B600CBFDFB /* Project object */;
			proxyType = 1;
			remoteGlobalIDString = E2B6B9DE273ED6B600CBFDFB;
			remoteInfo = "K.A.C.M.O.Angulugaha-COBSCcomp192p-59";
		};
/* End PBXContainerItemProxy section */

/* Begin PBXFileReference section */
		083E33DD88E7CC950602DC7E /* Pods-K.A.C.M.O.Angulugaha-COBSCcomp192p-59-K.A.C.M.O.Angulugaha-COBSCcomp192p-59UITests.release.xcconfig */ = {isa = PBXFileReference; includeInIndex = 1; lastKnownFileType = text.xcconfig; name = "Pods-K.A.C.M.O.Angulugaha-COBSCcomp192p-59-K.A.C.M.O.Angulugaha-COBSCcomp192p-59UITests.release.xcconfig"; path = "Target Support Files/Pods-K.A.C.M.O.Angulugaha-COBSCcomp192p-59-K.A.C.M.O.Angulugaha-COBSCcomp192p-59UITests/Pods-K.A.C.M.O.Angulugaha-COBSCcomp192p-59-K.A.C.M.O.Angulugaha-COBSCcomp192p-59UITests.release.xcconfig"; sourceTree = "<group>"; };
		114391519BCF902A216986DB /* Pods-K.A.C.M.O.Angulugaha-COBSCcomp192p-59.debug.xcconfig */ = {isa = PBXFileReference; includeInIndex = 1; lastKnownFileType = text.xcconfig; name = "Pods-K.A.C.M.O.Angulugaha-COBSCcomp192p-59.debug.xcconfig"; path = "Target Support Files/Pods-K.A.C.M.O.Angulugaha-COBSCcomp192p-59/Pods-K.A.C.M.O.Angulugaha-COBSCcomp192p-59.debug.xcconfig"; sourceTree = "<group>"; };
		15C2D072EE0F1D511F4D6319 /* Pods-K.A.C.M.O.Angulugaha-COBSCcomp192p-59Tests.debug.xcconfig */ = {isa = PBXFileReference; includeInIndex = 1; lastKnownFileType = text.xcconfig; name = "Pods-K.A.C.M.O.Angulugaha-COBSCcomp192p-59Tests.debug.xcconfig"; path = "Target Support Files/Pods-K.A.C.M.O.Angulugaha-COBSCcomp192p-59Tests/Pods-K.A.C.M.O.Angulugaha-COBSCcomp192p-59Tests.debug.xcconfig"; sourceTree = "<group>"; };
		4455CDC86F5389057FBEF44B /* Pods-K.A.C.M.O.Angulugaha-COBSCcomp192p-59.release.xcconfig */ = {isa = PBXFileReference; includeInIndex = 1; lastKnownFileType = text.xcconfig; name = "Pods-K.A.C.M.O.Angulugaha-COBSCcomp192p-59.release.xcconfig"; path = "Target Support Files/Pods-K.A.C.M.O.Angulugaha-COBSCcomp192p-59/Pods-K.A.C.M.O.Angulugaha-COBSCcomp192p-59.release.xcconfig"; sourceTree = "<group>"; };
		7DB96854488E49E0AE0C70F3 /* Pods-K.A.C.M.O.Angulugaha-COBSCcomp192p-59Tests.release.xcconfig */ = {isa = PBXFileReference; includeInIndex = 1; lastKnownFileType = text.xcconfig; name = "Pods-K.A.C.M.O.Angulugaha-COBSCcomp192p-59Tests.release.xcconfig"; path = "Target Support Files/Pods-K.A.C.M.O.Angulugaha-COBSCcomp192p-59Tests/Pods-K.A.C.M.O.Angulugaha-COBSCcomp192p-59Tests.release.xcconfig"; sourceTree = "<group>"; };
		848DECDD62998E135B65F8C0 /* Pods_K_A_C_M_O_Angulugaha_COBSCcomp192p_59_K_A_C_M_O_Angulugaha_COBSCcomp192p_59UITests.framework */ = {isa = PBXFileReference; explicitFileType = wrapper.framework; includeInIndex = 0; path = Pods_K_A_C_M_O_Angulugaha_COBSCcomp192p_59_K_A_C_M_O_Angulugaha_COBSCcomp192p_59UITests.framework; sourceTree = BUILT_PRODUCTS_DIR; };
		B38DA71357202400B33BA98A /* Pods_K_A_C_M_O_Angulugaha_COBSCcomp192p_59Tests.framework */ = {isa = PBXFileReference; explicitFileType = wrapper.framework; includeInIndex = 0; path = Pods_K_A_C_M_O_Angulugaha_COBSCcomp192p_59Tests.framework; sourceTree = BUILT_PRODUCTS_DIR; };
		E258F3C527419497006DA0CE /* HomeViewController.swift */ = {isa = PBXFileReference; lastKnownFileType = sourcecode.swift; path = HomeViewController.swift; sourceTree = "<group>"; };
		E258F3C727419856006DA0CE /* HomeViewModel.swift */ = {isa = PBXFileReference; lastKnownFileType = sourcecode.swift; path = HomeViewModel.swift; sourceTree = "<group>"; };
		E258F3C92741986D006DA0CE /* HomeCoordinator.swift */ = {isa = PBXFileReference; lastKnownFileType = sourcecode.swift; path = HomeCoordinator.swift; sourceTree = "<group>"; };
		E258F3CB274198C5006DA0CE /* ParkingSlotCell.swift */ = {isa = PBXFileReference; lastKnownFileType = sourcecode.swift; path = ParkingSlotCell.swift; sourceTree = "<group>"; };
		E258F3CE27419D00006DA0CE /* ParkingSlot.swift */ = {isa = PBXFileReference; lastKnownFileType = sourcecode.swift; path = ParkingSlot.swift; sourceTree = "<group>"; };
		E258F3D02745F8BB006DA0CE /* parkingSlots.json */ = {isa = PBXFileReference; fileEncoding = 4; lastKnownFileType = text.json; path = parkingSlots.json; sourceTree = "<group>"; };
		E258F3D327461E4F006DA0CE /* BookingViewController.swift */ = {isa = PBXFileReference; lastKnownFileType = sourcecode.swift; path = BookingViewController.swift; sourceTree = "<group>"; };
		E258F3D527461E9E006DA0CE /* BookingViewModel.swift */ = {isa = PBXFileReference; lastKnownFileType = sourcecode.swift; path = BookingViewModel.swift; sourceTree = "<group>"; };
		E258F3D727461EBD006DA0CE /* BookingCoordinator.swift */ = {isa = PBXFileReference; lastKnownFileType = sourcecode.swift; path = BookingCoordinator.swift; sourceTree = "<group>"; };
		E2B6B9DF273ED6B600CBFDFB /* K.A.C.M.O.Angulugaha-COBSCcomp192p-59.app */ = {isa = PBXFileReference; explicitFileType = wrapper.application; includeInIndex = 0; path = "K.A.C.M.O.Angulugaha-COBSCcomp192p-59.app"; sourceTree = BUILT_PRODUCTS_DIR; };
		E2B6B9E2273ED6B600CBFDFB /* AppDelegate.swift */ = {isa = PBXFileReference; lastKnownFileType = sourcecode.swift; path = AppDelegate.swift; sourceTree = "<group>"; };
		E2B6B9E6273ED6B600CBFDFB /* LauncherViewController.swift */ = {isa = PBXFileReference; lastKnownFileType = sourcecode.swift; path = LauncherViewController.swift; sourceTree = "<group>"; };
		E2B6B9E9273ED6B600CBFDFB /* Base */ = {isa = PBXFileReference; lastKnownFileType = file.storyboard; name = Base; path = Base.lproj/Main.storyboard; sourceTree = "<group>"; };
		E2B6B9EB273ED6B800CBFDFB /* Assets.xcassets */ = {isa = PBXFileReference; lastKnownFileType = folder.assetcatalog; path = Assets.xcassets; sourceTree = "<group>"; };
		E2B6B9EE273ED6B800CBFDFB /* Base */ = {isa = PBXFileReference; lastKnownFileType = file.storyboard; name = Base; path = Base.lproj/LaunchScreen.storyboard; sourceTree = "<group>"; };
		E2B6B9F0273ED6B800CBFDFB /* Info.plist */ = {isa = PBXFileReference; lastKnownFileType = text.plist.xml; path = Info.plist; sourceTree = "<group>"; };
		E2B6B9F5273ED6B800CBFDFB /* K.A.C.M.O.Angulugaha-COBSCcomp192p-59Tests.xctest */ = {isa = PBXFileReference; explicitFileType = wrapper.cfbundle; includeInIndex = 0; path = "K.A.C.M.O.Angulugaha-COBSCcomp192p-59Tests.xctest"; sourceTree = BUILT_PRODUCTS_DIR; };
		E2B6B9F9273ED6B800CBFDFB /* K_A_C_M_O_Angulugaha_COBSCcomp192p_59Tests.swift */ = {isa = PBXFileReference; lastKnownFileType = sourcecode.swift; path = K_A_C_M_O_Angulugaha_COBSCcomp192p_59Tests.swift; sourceTree = "<group>"; };
		E2B6B9FF273ED6B800CBFDFB /* K.A.C.M.O.Angulugaha-COBSCcomp192p-59UITests.xctest */ = {isa = PBXFileReference; explicitFileType = wrapper.cfbundle; includeInIndex = 0; path = "K.A.C.M.O.Angulugaha-COBSCcomp192p-59UITests.xctest"; sourceTree = BUILT_PRODUCTS_DIR; };
		E2B6BA03273ED6B800CBFDFB /* K_A_C_M_O_Angulugaha_COBSCcomp192p_59UITests.swift */ = {isa = PBXFileReference; lastKnownFileType = sourcecode.swift; path = K_A_C_M_O_Angulugaha_COBSCcomp192p_59UITests.swift; sourceTree = "<group>"; };
		E2B6BA05273ED6B800CBFDFB /* K_A_C_M_O_Angulugaha_COBSCcomp192p_59UITestsLaunchTests.swift */ = {isa = PBXFileReference; lastKnownFileType = sourcecode.swift; path = K_A_C_M_O_Angulugaha_COBSCcomp192p_59UITestsLaunchTests.swift; sourceTree = "<group>"; };
		E2B6BA1A273ED76500CBFDFB /* OpenSans-Light.ttf */ = {isa = PBXFileReference; lastKnownFileType = file; path = "OpenSans-Light.ttf"; sourceTree = "<group>"; };
		E2B6BA1B273ED76500CBFDFB /* OpenSans-ExtraBold.ttf */ = {isa = PBXFileReference; lastKnownFileType = file; path = "OpenSans-ExtraBold.ttf"; sourceTree = "<group>"; };
		E2B6BA1C273ED76500CBFDFB /* OpenSans-Italic.ttf */ = {isa = PBXFileReference; lastKnownFileType = file; path = "OpenSans-Italic.ttf"; sourceTree = "<group>"; };
		E2B6BA1D273ED76500CBFDFB /* OpenSans-BoldItalic.ttf */ = {isa = PBXFileReference; lastKnownFileType = file; path = "OpenSans-BoldItalic.ttf"; sourceTree = "<group>"; };
		E2B6BA1E273ED76500CBFDFB /* OpenSans-ExtraBoldItalic.ttf */ = {isa = PBXFileReference; lastKnownFileType = file; path = "OpenSans-ExtraBoldItalic.ttf"; sourceTree = "<group>"; };
		E2B6BA1F273ED76500CBFDFB /* OpenSans-SemiBold.ttf */ = {isa = PBXFileReference; lastKnownFileType = file; path = "OpenSans-SemiBold.ttf"; sourceTree = "<group>"; };
		E2B6BA20273ED76500CBFDFB /* OpenSans-SemiBoldItalic.ttf */ = {isa = PBXFileReference; lastKnownFileType = file; path = "OpenSans-SemiBoldItalic.ttf"; sourceTree = "<group>"; };
		E2B6BA21273ED76500CBFDFB /* OpenSans-Bold.ttf */ = {isa = PBXFileReference; lastKnownFileType = file; path = "OpenSans-Bold.ttf"; sourceTree = "<group>"; };
		E2B6BA22273ED76500CBFDFB /* OpenSans-Regular.ttf */ = {isa = PBXFileReference; lastKnownFileType = file; path = "OpenSans-Regular.ttf"; sourceTree = "<group>"; };
		E2B6BA23273ED76500CBFDFB /* OpenSans-LightItalic.ttf */ = {isa = PBXFileReference; lastKnownFileType = file; path = "OpenSans-LightItalic.ttf"; sourceTree = "<group>"; };
		E2B6BA24273ED76500CBFDFB /* SourceSansPro-SemiBold.ttf */ = {isa = PBXFileReference; lastKnownFileType = file; path = "SourceSansPro-SemiBold.ttf"; sourceTree = "<group>"; };
		E2B6BA25273ED76500CBFDFB /* Montserrat-Bold.ttf */ = {isa = PBXFileReference; lastKnownFileType = file; path = "Montserrat-Bold.ttf"; sourceTree = "<group>"; };
		E2B6BA37273F6EB000CBFDFB /* Coordinator.swift */ = {isa = PBXFileReference; lastKnownFileType = sourcecode.swift; path = Coordinator.swift; sourceTree = "<group>"; };
		E2B6BA39273F6EF300CBFDFB /* LauncherCoordinator.swift */ = {isa = PBXFileReference; lastKnownFileType = sourcecode.swift; path = LauncherCoordinator.swift; sourceTree = "<group>"; };
		E2B6BA3B273F72DC00CBFDFB /* LauncherViewModel.swift */ = {isa = PBXFileReference; lastKnownFileType = sourcecode.swift; path = LauncherViewModel.swift; sourceTree = "<group>"; };
		E2B6BA3D273F7BEC00CBFDFB /* AppCoordinator.swift */ = {isa = PBXFileReference; lastKnownFileType = sourcecode.swift; path = AppCoordinator.swift; sourceTree = "<group>"; };
		E2B6BA40273F81E300CBFDFB /* DashboardViewController.swift */ = {isa = PBXFileReference; lastKnownFileType = sourcecode.swift; path = DashboardViewController.swift; sourceTree = "<group>"; };
		E2B6BA42273F820800CBFDFB /* DashboardViewModel.swift */ = {isa = PBXFileReference; lastKnownFileType = sourcecode.swift; path = DashboardViewModel.swift; sourceTree = "<group>"; };
		E2B6BA44273F821E00CBFDFB /* DashboardCoordinator.swift */ = {isa = PBXFileReference; lastKnownFileType = sourcecode.swift; path = DashboardCoordinator.swift; sourceTree = "<group>"; };
		E2B6BA46273FA2EC00CBFDFB /* GoogleService-Info.plist */ = {isa = PBXFileReference; fileEncoding = 4; lastKnownFileType = text.plist.xml; path = "GoogleService-Info.plist"; sourceTree = "<group>"; };
		E2B6BA4A273FA83E00CBFDFB /* SignInViewController.swift */ = {isa = PBXFileReference; lastKnownFileType = sourcecode.swift; path = SignInViewController.swift; sourceTree = "<group>"; };
		E2B6BA4C273FA8EB00CBFDFB /* User.swift */ = {isa = PBXFileReference; lastKnownFileType = sourcecode.swift; path = User.swift; sourceTree = "<group>"; };
		E2B6BA4E273FAA3900CBFDFB /* SignInViewModel.swift */ = {isa = PBXFileReference; lastKnownFileType = sourcecode.swift; path = SignInViewModel.swift; sourceTree = "<group>"; };
		E2B6BA50273FAFDD00CBFDFB /* Alert.swift */ = {isa = PBXFileReference; lastKnownFileType = sourcecode.swift; path = Alert.swift; sourceTree = "<group>"; };
		E2B6BA52273FB17B00CBFDFB /* Utils.swift */ = {isa = PBXFileReference; lastKnownFileType = sourcecode.swift; path = Utils.swift; sourceTree = "<group>"; };
		E2B6BA54273FB30D00CBFDFB /* SignInCoordinator.swift */ = {isa = PBXFileReference; lastKnownFileType = sourcecode.swift; path = SignInCoordinator.swift; sourceTree = "<group>"; };
		E2B6BA57273FB64100CBFDFB /* SignUpViewController.swift */ = {isa = PBXFileReference; lastKnownFileType = sourcecode.swift; path = SignUpViewController.swift; sourceTree = "<group>"; };
		E2B6BA59273FB68800CBFDFB /* SignUpViewModel.swift */ = {isa = PBXFileReference; lastKnownFileType = sourcecode.swift; path = SignUpViewModel.swift; sourceTree = "<group>"; };
		E2B6BA5B273FB69900CBFDFB /* SignUpCoordinator.swift */ = {isa = PBXFileReference; lastKnownFileType = sourcecode.swift; path = SignUpCoordinator.swift; sourceTree = "<group>"; };
		EB8851DA27DD95647850A2E6 /* Pods-K.A.C.M.O.Angulugaha-COBSCcomp192p-59-K.A.C.M.O.Angulugaha-COBSCcomp192p-59UITests.debug.xcconfig */ = {isa = PBXFileReference; includeInIndex = 1; lastKnownFileType = text.xcconfig; name = "Pods-K.A.C.M.O.Angulugaha-COBSCcomp192p-59-K.A.C.M.O.Angulugaha-COBSCcomp192p-59UITests.debug.xcconfig"; path = "Target Support Files/Pods-K.A.C.M.O.Angulugaha-COBSCcomp192p-59-K.A.C.M.O.Angulugaha-COBSCcomp192p-59UITests/Pods-K.A.C.M.O.Angulugaha-COBSCcomp192p-59-K.A.C.M.O.Angulugaha-COBSCcomp192p-59UITests.debug.xcconfig"; sourceTree = "<group>"; };
		FC4CD33EC69B2A3759AA04EF /* Pods_K_A_C_M_O_Angulugaha_COBSCcomp192p_59.framework */ = {isa = PBXFileReference; explicitFileType = wrapper.framework; includeInIndex = 0; path = Pods_K_A_C_M_O_Angulugaha_COBSCcomp192p_59.framework; sourceTree = BUILT_PRODUCTS_DIR; };
/* End PBXFileReference section */

/* Begin PBXFrameworksBuildPhase section */
		E2B6B9DC273ED6B600CBFDFB /* Frameworks */ = {
			isa = PBXFrameworksBuildPhase;
			buildActionMask = 2147483647;
			files = (
				E335A4C947090FB43EB41F0A /* Pods_K_A_C_M_O_Angulugaha_COBSCcomp192p_59.framework in Frameworks */,
			);
			runOnlyForDeploymentPostprocessing = 0;
		};
		E2B6B9F2273ED6B800CBFDFB /* Frameworks */ = {
			isa = PBXFrameworksBuildPhase;
			buildActionMask = 2147483647;
			files = (
				8F4B9913946477D4EAFC03B5 /* Pods_K_A_C_M_O_Angulugaha_COBSCcomp192p_59Tests.framework in Frameworks */,
			);
			runOnlyForDeploymentPostprocessing = 0;
		};
		E2B6B9FC273ED6B800CBFDFB /* Frameworks */ = {
			isa = PBXFrameworksBuildPhase;
			buildActionMask = 2147483647;
			files = (
				6B8BDD2B88EC97C6E9D6EAD2 /* Pods_K_A_C_M_O_Angulugaha_COBSCcomp192p_59_K_A_C_M_O_Angulugaha_COBSCcomp192p_59UITests.framework in Frameworks */,
			);
			runOnlyForDeploymentPostprocessing = 0;
		};
/* End PBXFrameworksBuildPhase section */

/* Begin PBXGroup section */
		3B70B793BD16CE54295D0302 /* Frameworks */ = {
			isa = PBXGroup;
			children = (
				FC4CD33EC69B2A3759AA04EF /* Pods_K_A_C_M_O_Angulugaha_COBSCcomp192p_59.framework */,
				848DECDD62998E135B65F8C0 /* Pods_K_A_C_M_O_Angulugaha_COBSCcomp192p_59_K_A_C_M_O_Angulugaha_COBSCcomp192p_59UITests.framework */,
				B38DA71357202400B33BA98A /* Pods_K_A_C_M_O_Angulugaha_COBSCcomp192p_59Tests.framework */,
			);
			name = Frameworks;
			sourceTree = "<group>";
		};
		E258F3C427419487006DA0CE /* home */ = {
			isa = PBXGroup;
			children = (
				E258F3CD27419B27006DA0CE /* cell */,
				E258F3C527419497006DA0CE /* HomeViewController.swift */,
				E258F3C727419856006DA0CE /* HomeViewModel.swift */,
				E258F3C92741986D006DA0CE /* HomeCoordinator.swift */,
			);
			path = home;
			sourceTree = "<group>";
		};
		E258F3CD27419B27006DA0CE /* cell */ = {
			isa = PBXGroup;
			children = (
				E258F3CB274198C5006DA0CE /* ParkingSlotCell.swift */,
			);
			path = cell;
			sourceTree = "<group>";
		};
		E258F3D227461E34006DA0CE /* booking */ = {
			isa = PBXGroup;
			children = (
				E258F3D327461E4F006DA0CE /* BookingViewController.swift */,
				E258F3D527461E9E006DA0CE /* BookingViewModel.swift */,
				E258F3D727461EBD006DA0CE /* BookingCoordinator.swift */,
			);
			path = booking;
			sourceTree = "<group>";
		};
		E2B6B9D6273ED6B600CBFDFB = {
			isa = PBXGroup;
			children = (
				E2B6B9E1273ED6B600CBFDFB /* K.A.C.M.O.Angulugaha-COBSCcomp192p-59 */,
				E2B6B9F8273ED6B800CBFDFB /* K.A.C.M.O.Angulugaha-COBSCcomp192p-59Tests */,
				E2B6BA02273ED6B800CBFDFB /* K.A.C.M.O.Angulugaha-COBSCcomp192p-59UITests */,
				E2B6B9E0273ED6B600CBFDFB /* Products */,
				F1F4D04AC71A0599CABBCCE6 /* Pods */,
				3B70B793BD16CE54295D0302 /* Frameworks */,
			);
			sourceTree = "<group>";
		};
		E2B6B9E0273ED6B600CBFDFB /* Products */ = {
			isa = PBXGroup;
			children = (
				E2B6B9DF273ED6B600CBFDFB /* K.A.C.M.O.Angulugaha-COBSCcomp192p-59.app */,
				E2B6B9F5273ED6B800CBFDFB /* K.A.C.M.O.Angulugaha-COBSCcomp192p-59Tests.xctest */,
				E2B6B9FF273ED6B800CBFDFB /* K.A.C.M.O.Angulugaha-COBSCcomp192p-59UITests.xctest */,
			);
			name = Products;
			sourceTree = "<group>";
		};
		E2B6B9E1273ED6B600CBFDFB /* K.A.C.M.O.Angulugaha-COBSCcomp192p-59 */ = {
			isa = PBXGroup;
			children = (
				E2B6BA36273F6E9900CBFDFB /* helper */,
				E2B6BA34273F6E4500CBFDFB /* module */,
				E2B6BA12273ED6DC00CBFDFB /* model */,
				E2B6BA15273ED6FB00CBFDFB /* network */,
				E2B6BA16273ED70100CBFDFB /* common */,
				E2B6BA48273FA7A100CBFDFB /* storyboard */,
				E2B6BA17273ED70B00CBFDFB /* resources */,
				E2B6BA46273FA2EC00CBFDFB /* GoogleService-Info.plist */,
				E2B6B9F0273ED6B800CBFDFB /* Info.plist */,
			);
			path = "K.A.C.M.O.Angulugaha-COBSCcomp192p-59";
			sourceTree = "<group>";
		};
		E2B6B9F8273ED6B800CBFDFB /* K.A.C.M.O.Angulugaha-COBSCcomp192p-59Tests */ = {
			isa = PBXGroup;
			children = (
				E2B6B9F9273ED6B800CBFDFB /* K_A_C_M_O_Angulugaha_COBSCcomp192p_59Tests.swift */,
			);
			path = "K.A.C.M.O.Angulugaha-COBSCcomp192p-59Tests";
			sourceTree = "<group>";
		};
		E2B6BA02273ED6B800CBFDFB /* K.A.C.M.O.Angulugaha-COBSCcomp192p-59UITests */ = {
			isa = PBXGroup;
			children = (
				E2B6BA03273ED6B800CBFDFB /* K_A_C_M_O_Angulugaha_COBSCcomp192p_59UITests.swift */,
				E2B6BA05273ED6B800CBFDFB /* K_A_C_M_O_Angulugaha_COBSCcomp192p_59UITestsLaunchTests.swift */,
			);
			path = "K.A.C.M.O.Angulugaha-COBSCcomp192p-59UITests";
			sourceTree = "<group>";
		};
		E2B6BA12273ED6DC00CBFDFB /* model */ = {
			isa = PBXGroup;
			children = (
				E2B6BA4C273FA8EB00CBFDFB /* User.swift */,
				E258F3CE27419D00006DA0CE /* ParkingSlot.swift */,
			);
			path = model;
			sourceTree = "<group>";
		};
		E2B6BA15273ED6FB00CBFDFB /* network */ = {
			isa = PBXGroup;
			children = (
			);
			path = network;
			sourceTree = "<group>";
		};
		E2B6BA16273ED70100CBFDFB /* common */ = {
			isa = PBXGroup;
			children = (
				E2B6B9E2273ED6B600CBFDFB /* AppDelegate.swift */,
			);
			path = common;
			sourceTree = "<group>";
		};
		E2B6BA17273ED70B00CBFDFB /* resources */ = {
			isa = PBXGroup;
			children = (
				E258F3D02745F8BB006DA0CE /* parkingSlots.json */,
				E2B6BA19273ED74400CBFDFB /* fonts */,
				E2B6B9EB273ED6B800CBFDFB /* Assets.xcassets */,
			);
			path = resources;
			sourceTree = "<group>";
		};
		E2B6BA19273ED74400CBFDFB /* fonts */ = {
			isa = PBXGroup;
			children = (
				E2B6BA25273ED76500CBFDFB /* Montserrat-Bold.ttf */,
				E2B6BA21273ED76500CBFDFB /* OpenSans-Bold.ttf */,
				E2B6BA1D273ED76500CBFDFB /* OpenSans-BoldItalic.ttf */,
				E2B6BA1B273ED76500CBFDFB /* OpenSans-ExtraBold.ttf */,
				E2B6BA1E273ED76500CBFDFB /* OpenSans-ExtraBoldItalic.ttf */,
				E2B6BA1C273ED76500CBFDFB /* OpenSans-Italic.ttf */,
				E2B6BA1A273ED76500CBFDFB /* OpenSans-Light.ttf */,
				E2B6BA23273ED76500CBFDFB /* OpenSans-LightItalic.ttf */,
				E2B6BA22273ED76500CBFDFB /* OpenSans-Regular.ttf */,
				E2B6BA1F273ED76500CBFDFB /* OpenSans-SemiBold.ttf */,
				E2B6BA20273ED76500CBFDFB /* OpenSans-SemiBoldItalic.ttf */,
				E2B6BA24273ED76500CBFDFB /* SourceSansPro-SemiBold.ttf */,
			);
			path = fonts;
			sourceTree = "<group>";
		};
		E2B6BA34273F6E4500CBFDFB /* module */ = {
			isa = PBXGroup;
			children = (
				E2B6BA35273F6E5500CBFDFB /* launcher */,
				E2B6BA3F273F811500CBFDFB /* dashboard */,
				E258F3C427419487006DA0CE /* home */,
				E2B6BA49273FA81700CBFDFB /* signIn */,
				E258F3D227461E34006DA0CE /* booking */,
				E2B6BA56273FB62600CBFDFB /* signUp */,
			);
			path = module;
			sourceTree = "<group>";
		};
		E2B6BA35273F6E5500CBFDFB /* launcher */ = {
			isa = PBXGroup;
			children = (
				E2B6B9E6273ED6B600CBFDFB /* LauncherViewController.swift */,
				E2B6BA3B273F72DC00CBFDFB /* LauncherViewModel.swift */,
				E2B6BA39273F6EF300CBFDFB /* LauncherCoordinator.swift */,
			);
			path = launcher;
			sourceTree = "<group>";
		};
		E2B6BA36273F6E9900CBFDFB /* helper */ = {
			isa = PBXGroup;
			children = (
				E2B6BA37273F6EB000CBFDFB /* Coordinator.swift */,
				E2B6BA3D273F7BEC00CBFDFB /* AppCoordinator.swift */,
				E2B6BA50273FAFDD00CBFDFB /* Alert.swift */,
				E2B6BA52273FB17B00CBFDFB /* Utils.swift */,
			);
			path = helper;
			sourceTree = "<group>";
		};
		E2B6BA3F273F811500CBFDFB /* dashboard */ = {
			isa = PBXGroup;
			children = (
				E2B6BA40273F81E300CBFDFB /* DashboardViewController.swift */,
				E2B6BA42273F820800CBFDFB /* DashboardViewModel.swift */,
				E2B6BA44273F821E00CBFDFB /* DashboardCoordinator.swift */,
			);
			path = dashboard;
			sourceTree = "<group>";
		};
		E2B6BA48273FA7A100CBFDFB /* storyboard */ = {
			isa = PBXGroup;
			children = (
				E2B6B9E8273ED6B600CBFDFB /* Main.storyboard */,
				E2B6B9ED273ED6B800CBFDFB /* LaunchScreen.storyboard */,
			);
			path = storyboard;
			sourceTree = "<group>";
		};
		E2B6BA49273FA81700CBFDFB /* signIn */ = {
			isa = PBXGroup;
			children = (
				E2B6BA4A273FA83E00CBFDFB /* SignInViewController.swift */,
				E2B6BA4E273FAA3900CBFDFB /* SignInViewModel.swift */,
				E2B6BA54273FB30D00CBFDFB /* SignInCoordinator.swift */,
			);
			path = signIn;
			sourceTree = "<group>";
		};
		E2B6BA56273FB62600CBFDFB /* signUp */ = {
			isa = PBXGroup;
			children = (
				E2B6BA57273FB64100CBFDFB /* SignUpViewController.swift */,
				E2B6BA59273FB68800CBFDFB /* SignUpViewModel.swift */,
				E2B6BA5B273FB69900CBFDFB /* SignUpCoordinator.swift */,
			);
			path = signUp;
			sourceTree = "<group>";
		};
		F1F4D04AC71A0599CABBCCE6 /* Pods */ = {
			isa = PBXGroup;
			children = (
				114391519BCF902A216986DB /* Pods-K.A.C.M.O.Angulugaha-COBSCcomp192p-59.debug.xcconfig */,
				4455CDC86F5389057FBEF44B /* Pods-K.A.C.M.O.Angulugaha-COBSCcomp192p-59.release.xcconfig */,
				EB8851DA27DD95647850A2E6 /* Pods-K.A.C.M.O.Angulugaha-COBSCcomp192p-59-K.A.C.M.O.Angulugaha-COBSCcomp192p-59UITests.debug.xcconfig */,
				083E33DD88E7CC950602DC7E /* Pods-K.A.C.M.O.Angulugaha-COBSCcomp192p-59-K.A.C.M.O.Angulugaha-COBSCcomp192p-59UITests.release.xcconfig */,
				15C2D072EE0F1D511F4D6319 /* Pods-K.A.C.M.O.Angulugaha-COBSCcomp192p-59Tests.debug.xcconfig */,
				7DB96854488E49E0AE0C70F3 /* Pods-K.A.C.M.O.Angulugaha-COBSCcomp192p-59Tests.release.xcconfig */,
			);
			path = Pods;
			sourceTree = "<group>";
		};
/* End PBXGroup section */

/* Begin PBXNativeTarget section */
		E2B6B9DE273ED6B600CBFDFB /* K.A.C.M.O.Angulugaha-COBSCcomp192p-59 */ = {
			isa = PBXNativeTarget;
			buildConfigurationList = E2B6BA09273ED6B800CBFDFB /* Build configuration list for PBXNativeTarget "K.A.C.M.O.Angulugaha-COBSCcomp192p-59" */;
			buildPhases = (
				595BE94ADBD4FB8A6FE53795 /* [CP] Check Pods Manifest.lock */,
				E2B6B9DB273ED6B600CBFDFB /* Sources */,
				E2B6B9DC273ED6B600CBFDFB /* Frameworks */,
				E2B6B9DD273ED6B600CBFDFB /* Resources */,
				67F6E942240236340B701160 /* [CP] Embed Pods Frameworks */,
			);
			buildRules = (
			);
			dependencies = (
			);
			name = "K.A.C.M.O.Angulugaha-COBSCcomp192p-59";
			productName = "K.A.C.M.O.Angulugaha-COBSCcomp192p-59";
			productReference = E2B6B9DF273ED6B600CBFDFB /* K.A.C.M.O.Angulugaha-COBSCcomp192p-59.app */;
			productType = "com.apple.product-type.application";
		};
		E2B6B9F4273ED6B800CBFDFB /* K.A.C.M.O.Angulugaha-COBSCcomp192p-59Tests */ = {
			isa = PBXNativeTarget;
			buildConfigurationList = E2B6BA0C273ED6B800CBFDFB /* Build configuration list for PBXNativeTarget "K.A.C.M.O.Angulugaha-COBSCcomp192p-59Tests" */;
			buildPhases = (
				78B69AF12B2BB7BAACFC93BE /* [CP] Check Pods Manifest.lock */,
				E2B6B9F1273ED6B800CBFDFB /* Sources */,
				E2B6B9F2273ED6B800CBFDFB /* Frameworks */,
				E2B6B9F3273ED6B800CBFDFB /* Resources */,
			);
			buildRules = (
			);
			dependencies = (
				E2B6B9F7273ED6B800CBFDFB /* PBXTargetDependency */,
			);
			name = "K.A.C.M.O.Angulugaha-COBSCcomp192p-59Tests";
			productName = "K.A.C.M.O.Angulugaha-COBSCcomp192p-59Tests";
			productReference = E2B6B9F5273ED6B800CBFDFB /* K.A.C.M.O.Angulugaha-COBSCcomp192p-59Tests.xctest */;
			productType = "com.apple.product-type.bundle.unit-test";
		};
		E2B6B9FE273ED6B800CBFDFB /* K.A.C.M.O.Angulugaha-COBSCcomp192p-59UITests */ = {
			isa = PBXNativeTarget;
			buildConfigurationList = E2B6BA0F273ED6B800CBFDFB /* Build configuration list for PBXNativeTarget "K.A.C.M.O.Angulugaha-COBSCcomp192p-59UITests" */;
			buildPhases = (
				EC1818B7CB106A19BF8741F8 /* [CP] Check Pods Manifest.lock */,
				E2B6B9FB273ED6B800CBFDFB /* Sources */,
				E2B6B9FC273ED6B800CBFDFB /* Frameworks */,
				E2B6B9FD273ED6B800CBFDFB /* Resources */,
				73971B24FC3C2913992F0431 /* [CP] Embed Pods Frameworks */,
			);
			buildRules = (
			);
			dependencies = (
				E2B6BA01273ED6B800CBFDFB /* PBXTargetDependency */,
			);
			name = "K.A.C.M.O.Angulugaha-COBSCcomp192p-59UITests";
			productName = "K.A.C.M.O.Angulugaha-COBSCcomp192p-59UITests";
			productReference = E2B6B9FF273ED6B800CBFDFB /* K.A.C.M.O.Angulugaha-COBSCcomp192p-59UITests.xctest */;
			productType = "com.apple.product-type.bundle.ui-testing";
		};
/* End PBXNativeTarget section */

/* Begin PBXProject section */
		E2B6B9D7273ED6B600CBFDFB /* Project object */ = {
			isa = PBXProject;
			attributes = {
				BuildIndependentTargetsInParallel = 1;
				LastSwiftUpdateCheck = 1310;
				LastUpgradeCheck = 1310;
				TargetAttributes = {
					E2B6B9DE273ED6B600CBFDFB = {
						CreatedOnToolsVersion = 13.1;
					};
					E2B6B9F4273ED6B800CBFDFB = {
						CreatedOnToolsVersion = 13.1;
						TestTargetID = E2B6B9DE273ED6B600CBFDFB;
					};
					E2B6B9FE273ED6B800CBFDFB = {
						CreatedOnToolsVersion = 13.1;
						TestTargetID = E2B6B9DE273ED6B600CBFDFB;
					};
				};
			};
			buildConfigurationList = E2B6B9DA273ED6B600CBFDFB /* Build configuration list for PBXProject "K.A.C.M.O.Angulugaha-COBSCcomp192p-59" */;
			compatibilityVersion = "Xcode 13.0";
			developmentRegion = en;
			hasScannedForEncodings = 0;
			knownRegions = (
				en,
				Base,
			);
			mainGroup = E2B6B9D6273ED6B600CBFDFB;
			productRefGroup = E2B6B9E0273ED6B600CBFDFB /* Products */;
			projectDirPath = "";
			projectRoot = "";
			targets = (
				E2B6B9DE273ED6B600CBFDFB /* K.A.C.M.O.Angulugaha-COBSCcomp192p-59 */,
				E2B6B9F4273ED6B800CBFDFB /* K.A.C.M.O.Angulugaha-COBSCcomp192p-59Tests */,
				E2B6B9FE273ED6B800CBFDFB /* K.A.C.M.O.Angulugaha-COBSCcomp192p-59UITests */,
			);
		};
/* End PBXProject section */

/* Begin PBXResourcesBuildPhase section */
		E2B6B9DD273ED6B600CBFDFB /* Resources */ = {
			isa = PBXResourcesBuildPhase;
			buildActionMask = 2147483647;
			files = (
				E2B6BA2D273ED76600CBFDFB /* OpenSans-Bold.ttf in Resources */,
				E2B6B9EF273ED6B800CBFDFB /* LaunchScreen.storyboard in Resources */,
				E2B6BA2B273ED76600CBFDFB /* OpenSans-SemiBold.ttf in Resources */,
				E2B6B9EC273ED6B800CBFDFB /* Assets.xcassets in Resources */,
				E2B6BA26273ED76600CBFDFB /* OpenSans-Light.ttf in Resources */,
				E2B6BA31273ED76600CBFDFB /* Montserrat-Bold.ttf in Resources */,
				E2B6BA2C273ED76600CBFDFB /* OpenSans-SemiBoldItalic.ttf in Resources */,
				E2B6BA29273ED76600CBFDFB /* OpenSans-BoldItalic.ttf in Resources */,
				E2B6BA28273ED76600CBFDFB /* OpenSans-Italic.ttf in Resources */,
				E2B6BA47273FA2EC00CBFDFB /* GoogleService-Info.plist in Resources */,
				E2B6B9EA273ED6B600CBFDFB /* Main.storyboard in Resources */,
				E2B6BA27273ED76600CBFDFB /* OpenSans-ExtraBold.ttf in Resources */,
				E2B6BA2E273ED76600CBFDFB /* OpenSans-Regular.ttf in Resources */,
				E2B6BA2F273ED76600CBFDFB /* OpenSans-LightItalic.ttf in Resources */,
				E258F3D12745F8BB006DA0CE /* parkingSlots.json in Resources */,
				E2B6BA2A273ED76600CBFDFB /* OpenSans-ExtraBoldItalic.ttf in Resources */,
				E2B6BA30273ED76600CBFDFB /* SourceSansPro-SemiBold.ttf in Resources */,
			);
			runOnlyForDeploymentPostprocessing = 0;
		};
		E2B6B9F3273ED6B800CBFDFB /* Resources */ = {
			isa = PBXResourcesBuildPhase;
			buildActionMask = 2147483647;
			files = (
			);
			runOnlyForDeploymentPostprocessing = 0;
		};
		E2B6B9FD273ED6B800CBFDFB /* Resources */ = {
			isa = PBXResourcesBuildPhase;
			buildActionMask = 2147483647;
			files = (
			);
			runOnlyForDeploymentPostprocessing = 0;
		};
/* End PBXResourcesBuildPhase section */

/* Begin PBXShellScriptBuildPhase section */
		595BE94ADBD4FB8A6FE53795 /* [CP] Check Pods Manifest.lock */ = {
			isa = PBXShellScriptBuildPhase;
			buildActionMask = 2147483647;
			files = (
			);
			inputFileListPaths = (
			);
			inputPaths = (
				"${PODS_PODFILE_DIR_PATH}/Podfile.lock",
				"${PODS_ROOT}/Manifest.lock",
			);
			name = "[CP] Check Pods Manifest.lock";
			outputFileListPaths = (
			);
			outputPaths = (
				"$(DERIVED_FILE_DIR)/Pods-K.A.C.M.O.Angulugaha-COBSCcomp192p-59-checkManifestLockResult.txt",
			);
			runOnlyForDeploymentPostprocessing = 0;
			shellPath = /bin/sh;
			shellScript = "diff \"${PODS_PODFILE_DIR_PATH}/Podfile.lock\" \"${PODS_ROOT}/Manifest.lock\" > /dev/null\nif [ $? != 0 ] ; then\n    # print error to STDERR\n    echo \"error: The sandbox is not in sync with the Podfile.lock. Run 'pod install' or update your CocoaPods installation.\" >&2\n    exit 1\nfi\n# This output is used by Xcode 'outputs' to avoid re-running this script phase.\necho \"SUCCESS\" > \"${SCRIPT_OUTPUT_FILE_0}\"\n";
			showEnvVarsInLog = 0;
		};
		67F6E942240236340B701160 /* [CP] Embed Pods Frameworks */ = {
			isa = PBXShellScriptBuildPhase;
			buildActionMask = 2147483647;
			files = (
			);
			inputFileListPaths = (
				"${PODS_ROOT}/Target Support Files/Pods-K.A.C.M.O.Angulugaha-COBSCcomp192p-59/Pods-K.A.C.M.O.Angulugaha-COBSCcomp192p-59-frameworks-${CONFIGURATION}-input-files.xcfilelist",
			);
			name = "[CP] Embed Pods Frameworks";
			outputFileListPaths = (
				"${PODS_ROOT}/Target Support Files/Pods-K.A.C.M.O.Angulugaha-COBSCcomp192p-59/Pods-K.A.C.M.O.Angulugaha-COBSCcomp192p-59-frameworks-${CONFIGURATION}-output-files.xcfilelist",
			);
			runOnlyForDeploymentPostprocessing = 0;
			shellPath = /bin/sh;
			shellScript = "\"${PODS_ROOT}/Target Support Files/Pods-K.A.C.M.O.Angulugaha-COBSCcomp192p-59/Pods-K.A.C.M.O.Angulugaha-COBSCcomp192p-59-frameworks.sh\"\n";
			showEnvVarsInLog = 0;
		};
		73971B24FC3C2913992F0431 /* [CP] Embed Pods Frameworks */ = {
			isa = PBXShellScriptBuildPhase;
			buildActionMask = 2147483647;
			files = (
			);
			inputFileListPaths = (
				"${PODS_ROOT}/Target Support Files/Pods-K.A.C.M.O.Angulugaha-COBSCcomp192p-59-K.A.C.M.O.Angulugaha-COBSCcomp192p-59UITests/Pods-K.A.C.M.O.Angulugaha-COBSCcomp192p-59-K.A.C.M.O.Angulugaha-COBSCcomp192p-59UITests-frameworks-${CONFIGURATION}-input-files.xcfilelist",
			);
			name = "[CP] Embed Pods Frameworks";
			outputFileListPaths = (
				"${PODS_ROOT}/Target Support Files/Pods-K.A.C.M.O.Angulugaha-COBSCcomp192p-59-K.A.C.M.O.Angulugaha-COBSCcomp192p-59UITests/Pods-K.A.C.M.O.Angulugaha-COBSCcomp192p-59-K.A.C.M.O.Angulugaha-COBSCcomp192p-59UITests-frameworks-${CONFIGURATION}-output-files.xcfilelist",
			);
			runOnlyForDeploymentPostprocessing = 0;
			shellPath = /bin/sh;
			shellScript = "\"${PODS_ROOT}/Target Support Files/Pods-K.A.C.M.O.Angulugaha-COBSCcomp192p-59-K.A.C.M.O.Angulugaha-COBSCcomp192p-59UITests/Pods-K.A.C.M.O.Angulugaha-COBSCcomp192p-59-K.A.C.M.O.Angulugaha-COBSCcomp192p-59UITests-frameworks.sh\"\n";
			showEnvVarsInLog = 0;
		};
		78B69AF12B2BB7BAACFC93BE /* [CP] Check Pods Manifest.lock */ = {
			isa = PBXShellScriptBuildPhase;
			buildActionMask = 2147483647;
			files = (
			);
			inputFileListPaths = (
			);
			inputPaths = (
				"${PODS_PODFILE_DIR_PATH}/Podfile.lock",
				"${PODS_ROOT}/Manifest.lock",
			);
			name = "[CP] Check Pods Manifest.lock";
			outputFileListPaths = (
			);
			outputPaths = (
				"$(DERIVED_FILE_DIR)/Pods-K.A.C.M.O.Angulugaha-COBSCcomp192p-59Tests-checkManifestLockResult.txt",
			);
			runOnlyForDeploymentPostprocessing = 0;
			shellPath = /bin/sh;
			shellScript = "diff \"${PODS_PODFILE_DIR_PATH}/Podfile.lock\" \"${PODS_ROOT}/Manifest.lock\" > /dev/null\nif [ $? != 0 ] ; then\n    # print error to STDERR\n    echo \"error: The sandbox is not in sync with the Podfile.lock. Run 'pod install' or update your CocoaPods installation.\" >&2\n    exit 1\nfi\n# This output is used by Xcode 'outputs' to avoid re-running this script phase.\necho \"SUCCESS\" > \"${SCRIPT_OUTPUT_FILE_0}\"\n";
			showEnvVarsInLog = 0;
		};
		EC1818B7CB106A19BF8741F8 /* [CP] Check Pods Manifest.lock */ = {
			isa = PBXShellScriptBuildPhase;
			buildActionMask = 2147483647;
			files = (
			);
			inputFileListPaths = (
			);
			inputPaths = (
				"${PODS_PODFILE_DIR_PATH}/Podfile.lock",
				"${PODS_ROOT}/Manifest.lock",
			);
			name = "[CP] Check Pods Manifest.lock";
			outputFileListPaths = (
			);
			outputPaths = (
				"$(DERIVED_FILE_DIR)/Pods-K.A.C.M.O.Angulugaha-COBSCcomp192p-59-K.A.C.M.O.Angulugaha-COBSCcomp192p-59UITests-checkManifestLockResult.txt",
			);
			runOnlyForDeploymentPostprocessing = 0;
			shellPath = /bin/sh;
			shellScript = "diff \"${PODS_PODFILE_DIR_PATH}/Podfile.lock\" \"${PODS_ROOT}/Manifest.lock\" > /dev/null\nif [ $? != 0 ] ; then\n    # print error to STDERR\n    echo \"error: The sandbox is not in sync with the Podfile.lock. Run 'pod install' or update your CocoaPods installation.\" >&2\n    exit 1\nfi\n# This output is used by Xcode 'outputs' to avoid re-running this script phase.\necho \"SUCCESS\" > \"${SCRIPT_OUTPUT_FILE_0}\"\n";
			showEnvVarsInLog = 0;
		};
/* End PBXShellScriptBuildPhase section */

/* Begin PBXSourcesBuildPhase section */
		E2B6B9DB273ED6B600CBFDFB /* Sources */ = {
			isa = PBXSourcesBuildPhase;
			buildActionMask = 2147483647;
			files = (
				E2B6BA45273F821E00CBFDFB /* DashboardCoordinator.swift in Sources */,
				E2B6BA5A273FB68800CBFDFB /* SignUpViewModel.swift in Sources */,
				E258F3CF27419D00006DA0CE /* ParkingSlot.swift in Sources */,
				E258F3C627419497006DA0CE /* HomeViewController.swift in Sources */,
				E258F3C827419856006DA0CE /* HomeViewModel.swift in Sources */,
				E258F3CC274198C5006DA0CE /* ParkingSlotCell.swift in Sources */,
				E258F3D827461EBD006DA0CE /* BookingCoordinator.swift in Sources */,
				E258F3D627461E9E006DA0CE /* BookingViewModel.swift in Sources */,
				E2B6BA3A273F6EF300CBFDFB /* LauncherCoordinator.swift in Sources */,
				E258F3CA2741986D006DA0CE /* HomeCoordinator.swift in Sources */,
				E2B6BA43273F820800CBFDFB /* DashboardViewModel.swift in Sources */,
				E2B6BA53273FB17B00CBFDFB /* Utils.swift in Sources */,
				E2B6BA55273FB30D00CBFDFB /* SignInCoordinator.swift in Sources */,
				E2B6BA41273F81E300CBFDFB /* DashboardViewController.swift in Sources */,
				E2B6B9E7273ED6B600CBFDFB /* LauncherViewController.swift in Sources */,
				E2B6BA5C273FB69900CBFDFB /* SignUpCoordinator.swift in Sources */,
				E2B6BA51273FAFDD00CBFDFB /* Alert.swift in Sources */,
				E2B6B9E3273ED6B600CBFDFB /* AppDelegate.swift in Sources */,
				E2B6BA38273F6EB000CBFDFB /* Coordinator.swift in Sources */,
				E2B6BA58273FB64100CBFDFB /* SignUpViewController.swift in Sources */,
				E2B6BA3E273F7BEC00CBFDFB /* AppCoordinator.swift in Sources */,
				E2B6BA4F273FAA3900CBFDFB /* SignInViewModel.swift in Sources */,
				E2B6BA4B273FA83E00CBFDFB /* SignInViewController.swift in Sources */,
				E2B6BA3C273F72DC00CBFDFB /* LauncherViewModel.swift in Sources */,
				E258F3D427461E4F006DA0CE /* BookingViewController.swift in Sources */,
				E2B6BA4D273FA8EB00CBFDFB /* User.swift in Sources */,
			);
			runOnlyForDeploymentPostprocessing = 0;
		};
		E2B6B9F1273ED6B800CBFDFB /* Sources */ = {
			isa = PBXSourcesBuildPhase;
			buildActionMask = 2147483647;
			files = (
				E2B6B9FA273ED6B800CBFDFB /* K_A_C_M_O_Angulugaha_COBSCcomp192p_59Tests.swift in Sources */,
			);
			runOnlyForDeploymentPostprocessing = 0;
		};
		E2B6B9FB273ED6B800CBFDFB /* Sources */ = {
			isa = PBXSourcesBuildPhase;
			buildActionMask = 2147483647;
			files = (
				E2B6BA04273ED6B800CBFDFB /* K_A_C_M_O_Angulugaha_COBSCcomp192p_59UITests.swift in Sources */,
				E2B6BA06273ED6B800CBFDFB /* K_A_C_M_O_Angulugaha_COBSCcomp192p_59UITestsLaunchTests.swift in Sources */,
			);
			runOnlyForDeploymentPostprocessing = 0;
		};
/* End PBXSourcesBuildPhase section */

/* Begin PBXTargetDependency section */
		E2B6B9F7273ED6B800CBFDFB /* PBXTargetDependency */ = {
			isa = PBXTargetDependency;
			target = E2B6B9DE273ED6B600CBFDFB /* K.A.C.M.O.Angulugaha-COBSCcomp192p-59 */;
			targetProxy = E2B6B9F6273ED6B800CBFDFB /* PBXContainerItemProxy */;
		};
		E2B6BA01273ED6B800CBFDFB /* PBXTargetDependency */ = {
			isa = PBXTargetDependency;
			target = E2B6B9DE273ED6B600CBFDFB /* K.A.C.M.O.Angulugaha-COBSCcomp192p-59 */;
			targetProxy = E2B6BA00273ED6B800CBFDFB /* PBXContainerItemProxy */;
		};
/* End PBXTargetDependency section */

/* Begin PBXVariantGroup section */
		E2B6B9E8273ED6B600CBFDFB /* Main.storyboard */ = {
			isa = PBXVariantGroup;
			children = (
				E2B6B9E9273ED6B600CBFDFB /* Base */,
			);
			name = Main.storyboard;
			sourceTree = "<group>";
		};
		E2B6B9ED273ED6B800CBFDFB /* LaunchScreen.storyboard */ = {
			isa = PBXVariantGroup;
			children = (
				E2B6B9EE273ED6B800CBFDFB /* Base */,
			);
			name = LaunchScreen.storyboard;
			sourceTree = "<group>";
		};
/* End PBXVariantGroup section */

/* Begin XCBuildConfiguration section */
		E2B6BA07273ED6B800CBFDFB /* Debug */ = {
			isa = XCBuildConfiguration;
			buildSettings = {
				ALWAYS_SEARCH_USER_PATHS = NO;
				CLANG_ANALYZER_NONNULL = YES;
				CLANG_ANALYZER_NUMBER_OBJECT_CONVERSION = YES_AGGRESSIVE;
				CLANG_CXX_LANGUAGE_STANDARD = "gnu++17";
				CLANG_CXX_LIBRARY = "libc++";
				CLANG_ENABLE_MODULES = YES;
				CLANG_ENABLE_OBJC_ARC = YES;
				CLANG_ENABLE_OBJC_WEAK = YES;
				CLANG_WARN_BLOCK_CAPTURE_AUTORELEASING = YES;
				CLANG_WARN_BOOL_CONVERSION = YES;
				CLANG_WARN_COMMA = YES;
				CLANG_WARN_CONSTANT_CONVERSION = YES;
				CLANG_WARN_DEPRECATED_OBJC_IMPLEMENTATIONS = YES;
				CLANG_WARN_DIRECT_OBJC_ISA_USAGE = YES_ERROR;
				CLANG_WARN_DOCUMENTATION_COMMENTS = YES;
				CLANG_WARN_EMPTY_BODY = YES;
				CLANG_WARN_ENUM_CONVERSION = YES;
				CLANG_WARN_INFINITE_RECURSION = YES;
				CLANG_WARN_INT_CONVERSION = YES;
				CLANG_WARN_NON_LITERAL_NULL_CONVERSION = YES;
				CLANG_WARN_OBJC_IMPLICIT_RETAIN_SELF = YES;
				CLANG_WARN_OBJC_LITERAL_CONVERSION = YES;
				CLANG_WARN_OBJC_ROOT_CLASS = YES_ERROR;
				CLANG_WARN_QUOTED_INCLUDE_IN_FRAMEWORK_HEADER = YES;
				CLANG_WARN_RANGE_LOOP_ANALYSIS = YES;
				CLANG_WARN_STRICT_PROTOTYPES = YES;
				CLANG_WARN_SUSPICIOUS_MOVE = YES;
				CLANG_WARN_UNGUARDED_AVAILABILITY = YES_AGGRESSIVE;
				CLANG_WARN_UNREACHABLE_CODE = YES;
				CLANG_WARN__DUPLICATE_METHOD_MATCH = YES;
				COPY_PHASE_STRIP = NO;
				DEBUG_INFORMATION_FORMAT = dwarf;
				ENABLE_STRICT_OBJC_MSGSEND = YES;
				ENABLE_TESTABILITY = YES;
				GCC_C_LANGUAGE_STANDARD = gnu11;
				GCC_DYNAMIC_NO_PIC = NO;
				GCC_NO_COMMON_BLOCKS = YES;
				GCC_OPTIMIZATION_LEVEL = 0;
				GCC_PREPROCESSOR_DEFINITIONS = (
					"DEBUG=1",
					"$(inherited)",
				);
				GCC_WARN_64_TO_32_BIT_CONVERSION = YES;
				GCC_WARN_ABOUT_RETURN_TYPE = YES_ERROR;
				GCC_WARN_UNDECLARED_SELECTOR = YES;
				GCC_WARN_UNINITIALIZED_AUTOS = YES_AGGRESSIVE;
				GCC_WARN_UNUSED_FUNCTION = YES;
				GCC_WARN_UNUSED_VARIABLE = YES;
				IPHONEOS_DEPLOYMENT_TARGET = 15.0;
				MTL_ENABLE_DEBUG_INFO = INCLUDE_SOURCE;
				MTL_FAST_MATH = YES;
				ONLY_ACTIVE_ARCH = YES;
				SDKROOT = iphoneos;
				SWIFT_ACTIVE_COMPILATION_CONDITIONS = DEBUG;
				SWIFT_OPTIMIZATION_LEVEL = "-Onone";
			};
			name = Debug;
		};
		E2B6BA08273ED6B800CBFDFB /* Release */ = {
			isa = XCBuildConfiguration;
			buildSettings = {
				ALWAYS_SEARCH_USER_PATHS = NO;
				CLANG_ANALYZER_NONNULL = YES;
				CLANG_ANALYZER_NUMBER_OBJECT_CONVERSION = YES_AGGRESSIVE;
				CLANG_CXX_LANGUAGE_STANDARD = "gnu++17";
				CLANG_CXX_LIBRARY = "libc++";
				CLANG_ENABLE_MODULES = YES;
				CLANG_ENABLE_OBJC_ARC = YES;
				CLANG_ENABLE_OBJC_WEAK = YES;
				CLANG_WARN_BLOCK_CAPTURE_AUTORELEASING = YES;
				CLANG_WARN_BOOL_CONVERSION = YES;
				CLANG_WARN_COMMA = YES;
				CLANG_WARN_CONSTANT_CONVERSION = YES;
				CLANG_WARN_DEPRECATED_OBJC_IMPLEMENTATIONS = YES;
				CLANG_WARN_DIRECT_OBJC_ISA_USAGE = YES_ERROR;
				CLANG_WARN_DOCUMENTATION_COMMENTS = YES;
				CLANG_WARN_EMPTY_BODY = YES;
				CLANG_WARN_ENUM_CONVERSION = YES;
				CLANG_WARN_INFINITE_RECURSION = YES;
				CLANG_WARN_INT_CONVERSION = YES;
				CLANG_WARN_NON_LITERAL_NULL_CONVERSION = YES;
				CLANG_WARN_OBJC_IMPLICIT_RETAIN_SELF = YES;
				CLANG_WARN_OBJC_LITERAL_CONVERSION = YES;
				CLANG_WARN_OBJC_ROOT_CLASS = YES_ERROR;
				CLANG_WARN_QUOTED_INCLUDE_IN_FRAMEWORK_HEADER = YES;
				CLANG_WARN_RANGE_LOOP_ANALYSIS = YES;
				CLANG_WARN_STRICT_PROTOTYPES = YES;
				CLANG_WARN_SUSPICIOUS_MOVE = YES;
				CLANG_WARN_UNGUARDED_AVAILABILITY = YES_AGGRESSIVE;
				CLANG_WARN_UNREACHABLE_CODE = YES;
				CLANG_WARN__DUPLICATE_METHOD_MATCH = YES;
				COPY_PHASE_STRIP = NO;
				DEBUG_INFORMATION_FORMAT = "dwarf-with-dsym";
				ENABLE_NS_ASSERTIONS = NO;
				ENABLE_STRICT_OBJC_MSGSEND = YES;
				GCC_C_LANGUAGE_STANDARD = gnu11;
				GCC_NO_COMMON_BLOCKS = YES;
				GCC_WARN_64_TO_32_BIT_CONVERSION = YES;
				GCC_WARN_ABOUT_RETURN_TYPE = YES_ERROR;
				GCC_WARN_UNDECLARED_SELECTOR = YES;
				GCC_WARN_UNINITIALIZED_AUTOS = YES_AGGRESSIVE;
				GCC_WARN_UNUSED_FUNCTION = YES;
				GCC_WARN_UNUSED_VARIABLE = YES;
				IPHONEOS_DEPLOYMENT_TARGET = 15.0;
				MTL_ENABLE_DEBUG_INFO = NO;
				MTL_FAST_MATH = YES;
				SDKROOT = iphoneos;
				SWIFT_COMPILATION_MODE = wholemodule;
				SWIFT_OPTIMIZATION_LEVEL = "-O";
				VALIDATE_PRODUCT = YES;
			};
			name = Release;
		};
		E2B6BA0A273ED6B800CBFDFB /* Debug */ = {
			isa = XCBuildConfiguration;
			baseConfigurationReference = 114391519BCF902A216986DB /* Pods-K.A.C.M.O.Angulugaha-COBSCcomp192p-59.debug.xcconfig */;
			buildSettings = {
				ASSETCATALOG_COMPILER_APPICON_NAME = AppIcon;
				ASSETCATALOG_COMPILER_GLOBAL_ACCENT_COLOR_NAME = AccentColor;
				CODE_SIGN_STYLE = Automatic;
				CURRENT_PROJECT_VERSION = 1;
				GENERATE_INFOPLIST_FILE = YES;
				INFOPLIST_FILE = "K.A.C.M.O.Angulugaha-COBSCcomp192p-59/Info.plist";
				INFOPLIST_KEY_CFBundleDisplayName = "NIBM Parking";
				INFOPLIST_KEY_UIApplicationSupportsIndirectInputEvents = YES;
				INFOPLIST_KEY_UILaunchStoryboardName = LaunchScreen;
				INFOPLIST_KEY_UIMainStoryboardFile = Main;
				INFOPLIST_KEY_UISupportedInterfaceOrientations_iPad = "UIInterfaceOrientationPortrait UIInterfaceOrientationPortraitUpsideDown UIInterfaceOrientationLandscapeLeft UIInterfaceOrientationLandscapeRight";
				INFOPLIST_KEY_UISupportedInterfaceOrientations_iPhone = "UIInterfaceOrientationPortrait UIInterfaceOrientationLandscapeLeft UIInterfaceOrientationLandscapeRight";
				LD_RUNPATH_SEARCH_PATHS = (
					"$(inherited)",
					"@executable_path/Frameworks",
				);
				MARKETING_VERSION = 1.0;
				PRODUCT_BUNDLE_IDENTIFIER = "com.angulugaha.madhuoshika.K-A-C-M-O-Angulugaha-COBSCcomp192p-59";
				PRODUCT_NAME = "$(TARGET_NAME)";
				SWIFT_EMIT_LOC_STRINGS = YES;
				SWIFT_VERSION = 5.0;
				TARGETED_DEVICE_FAMILY = "1,2";
			};
			name = Debug;
		};
		E2B6BA0B273ED6B800CBFDFB /* Release */ = {
			isa = XCBuildConfiguration;
			baseConfigurationReference = 4455CDC86F5389057FBEF44B /* Pods-K.A.C.M.O.Angulugaha-COBSCcomp192p-59.release.xcconfig */;
			buildSettings = {
				ASSETCATALOG_COMPILER_APPICON_NAME = AppIcon;
				ASSETCATALOG_COMPILER_GLOBAL_ACCENT_COLOR_NAME = AccentColor;
				CODE_SIGN_STYLE = Automatic;
				CURRENT_PROJECT_VERSION = 1;
				GENERATE_INFOPLIST_FILE = YES;
				INFOPLIST_FILE = "K.A.C.M.O.Angulugaha-COBSCcomp192p-59/Info.plist";
				INFOPLIST_KEY_CFBundleDisplayName = "NIBM Parking";
				INFOPLIST_KEY_UIApplicationSupportsIndirectInputEvents = YES;
				INFOPLIST_KEY_UILaunchStoryboardName = LaunchScreen;
				INFOPLIST_KEY_UIMainStoryboardFile = Main;
				INFOPLIST_KEY_UISupportedInterfaceOrientations_iPad = "UIInterfaceOrientationPortrait UIInterfaceOrientationPortraitUpsideDown UIInterfaceOrientationLandscapeLeft UIInterfaceOrientationLandscapeRight";
				INFOPLIST_KEY_UISupportedInterfaceOrientations_iPhone = "UIInterfaceOrientationPortrait UIInterfaceOrientationLandscapeLeft UIInterfaceOrientationLandscapeRight";
				LD_RUNPATH_SEARCH_PATHS = (
					"$(inherited)",
					"@executable_path/Frameworks",
				);
				MARKETING_VERSION = 1.0;
				PRODUCT_BUNDLE_IDENTIFIER = "com.angulugaha.madhuoshika.K-A-C-M-O-Angulugaha-COBSCcomp192p-59";
				PRODUCT_NAME = "$(TARGET_NAME)";
				SWIFT_EMIT_LOC_STRINGS = YES;
				SWIFT_VERSION = 5.0;
				TARGETED_DEVICE_FAMILY = "1,2";
			};
			name = Release;
		};
		E2B6BA0D273ED6B800CBFDFB /* Debug */ = {
			isa = XCBuildConfiguration;
			baseConfigurationReference = 15C2D072EE0F1D511F4D6319 /* Pods-K.A.C.M.O.Angulugaha-COBSCcomp192p-59Tests.debug.xcconfig */;
			buildSettings = {
				ALWAYS_EMBED_SWIFT_STANDARD_LIBRARIES = YES;
				BUNDLE_LOADER = "$(TEST_HOST)";
				CODE_SIGN_STYLE = Automatic;
				CURRENT_PROJECT_VERSION = 1;
				GENERATE_INFOPLIST_FILE = YES;
				IPHONEOS_DEPLOYMENT_TARGET = 15.0;
				LD_RUNPATH_SEARCH_PATHS = (
					"$(inherited)",
					"@executable_path/Frameworks",
					"@loader_path/Frameworks",
				);
				MARKETING_VERSION = 1.0;
				PRODUCT_BUNDLE_IDENTIFIER = "com.angulugaha.madhuoshika.K-A-C-M-O-Angulugaha-COBSCcomp192p-59Tests";
				PRODUCT_NAME = "$(TARGET_NAME)";
				SWIFT_EMIT_LOC_STRINGS = NO;
				SWIFT_VERSION = 5.0;
				TARGETED_DEVICE_FAMILY = "1,2";
				TEST_HOST = "$(BUILT_PRODUCTS_DIR)/K.A.C.M.O.Angulugaha-COBSCcomp192p-59.app/K.A.C.M.O.Angulugaha-COBSCcomp192p-59";
			};
			name = Debug;
		};
		E2B6BA0E273ED6B800CBFDFB /* Release */ = {
			isa = XCBuildConfiguration;
			baseConfigurationReference = 7DB96854488E49E0AE0C70F3 /* Pods-K.A.C.M.O.Angulugaha-COBSCcomp192p-59Tests.release.xcconfig */;
			buildSettings = {
				ALWAYS_EMBED_SWIFT_STANDARD_LIBRARIES = YES;
				BUNDLE_LOADER = "$(TEST_HOST)";
				CODE_SIGN_STYLE = Automatic;
				CURRENT_PROJECT_VERSION = 1;
				GENERATE_INFOPLIST_FILE = YES;
				IPHONEOS_DEPLOYMENT_TARGET = 15.0;
				LD_RUNPATH_SEARCH_PATHS = (
					"$(inherited)",
					"@executable_path/Frameworks",
					"@loader_path/Frameworks",
				);
				MARKETING_VERSION = 1.0;
				PRODUCT_BUNDLE_IDENTIFIER = "com.angulugaha.madhuoshika.K-A-C-M-O-Angulugaha-COBSCcomp192p-59Tests";
				PRODUCT_NAME = "$(TARGET_NAME)";
				SWIFT_EMIT_LOC_STRINGS = NO;
				SWIFT_VERSION = 5.0;
				TARGETED_DEVICE_FAMILY = "1,2";
				TEST_HOST = "$(BUILT_PRODUCTS_DIR)/K.A.C.M.O.Angulugaha-COBSCcomp192p-59.app/K.A.C.M.O.Angulugaha-COBSCcomp192p-59";
			};
			name = Release;
		};
		E2B6BA10273ED6B800CBFDFB /* Debug */ = {
			isa = XCBuildConfiguration;
			baseConfigurationReference = EB8851DA27DD95647850A2E6 /* Pods-K.A.C.M.O.Angulugaha-COBSCcomp192p-59-K.A.C.M.O.Angulugaha-COBSCcomp192p-59UITests.debug.xcconfig */;
			buildSettings = {
				ALWAYS_EMBED_SWIFT_STANDARD_LIBRARIES = YES;
				CODE_SIGN_STYLE = Automatic;
				CURRENT_PROJECT_VERSION = 1;
				GENERATE_INFOPLIST_FILE = YES;
				LD_RUNPATH_SEARCH_PATHS = (
					"$(inherited)",
					"@executable_path/Frameworks",
					"@loader_path/Frameworks",
				);
				MARKETING_VERSION = 1.0;
				PRODUCT_BUNDLE_IDENTIFIER = "com.angulugaha.madhuoshika.K-A-C-M-O-Angulugaha-COBSCcomp192p-59UITests";
				PRODUCT_NAME = "$(TARGET_NAME)";
				SWIFT_EMIT_LOC_STRINGS = NO;
				SWIFT_VERSION = 5.0;
				TARGETED_DEVICE_FAMILY = "1,2";
				TEST_TARGET_NAME = "K.A.C.M.O.Angulugaha-COBSCcomp192p-59";
			};
			name = Debug;
		};
		E2B6BA11273ED6B800CBFDFB /* Release */ = {
			isa = XCBuildConfiguration;
			baseConfigurationReference = 083E33DD88E7CC950602DC7E /* Pods-K.A.C.M.O.Angulugaha-COBSCcomp192p-59-K.A.C.M.O.Angulugaha-COBSCcomp192p-59UITests.release.xcconfig */;
			buildSettings = {
				ALWAYS_EMBED_SWIFT_STANDARD_LIBRARIES = YES;
				CODE_SIGN_STYLE = Automatic;
				CURRENT_PROJECT_VERSION = 1;
				GENERATE_INFOPLIST_FILE = YES;
				LD_RUNPATH_SEARCH_PATHS = (
					"$(inherited)",
					"@executable_path/Frameworks",
					"@loader_path/Frameworks",
				);
				MARKETING_VERSION = 1.0;
				PRODUCT_BUNDLE_IDENTIFIER = "com.angulugaha.madhuoshika.K-A-C-M-O-Angulugaha-COBSCcomp192p-59UITests";
				PRODUCT_NAME = "$(TARGET_NAME)";
				SWIFT_EMIT_LOC_STRINGS = NO;
				SWIFT_VERSION = 5.0;
				TARGETED_DEVICE_FAMILY = "1,2";
				TEST_TARGET_NAME = "K.A.C.M.O.Angulugaha-COBSCcomp192p-59";
			};
			name = Release;
		};
/* End XCBuildConfiguration section */

/* Begin XCConfigurationList section */
		E2B6B9DA273ED6B600CBFDFB /* Build configuration list for PBXProject "K.A.C.M.O.Angulugaha-COBSCcomp192p-59" */ = {
			isa = XCConfigurationList;
			buildConfigurations = (
				E2B6BA07273ED6B800CBFDFB /* Debug */,
				E2B6BA08273ED6B800CBFDFB /* Release */,
			);
			defaultConfigurationIsVisible = 0;
			defaultConfigurationName = Release;
		};
		E2B6BA09273ED6B800CBFDFB /* Build configuration list for PBXNativeTarget "K.A.C.M.O.Angulugaha-COBSCcomp192p-59" */ = {
			isa = XCConfigurationList;
			buildConfigurations = (
				E2B6BA0A273ED6B800CBFDFB /* Debug */,
				E2B6BA0B273ED6B800CBFDFB /* Release */,
			);
			defaultConfigurationIsVisible = 0;
			defaultConfigurationName = Release;
		};
		E2B6BA0C273ED6B800CBFDFB /* Build configuration list for PBXNativeTarget "K.A.C.M.O.Angulugaha-COBSCcomp192p-59Tests" */ = {
			isa = XCConfigurationList;
			buildConfigurations = (
				E2B6BA0D273ED6B800CBFDFB /* Debug */,
				E2B6BA0E273ED6B800CBFDFB /* Release */,
			);
			defaultConfigurationIsVisible = 0;
			defaultConfigurationName = Release;
		};
		E2B6BA0F273ED6B800CBFDFB /* Build configuration list for PBXNativeTarget "K.A.C.M.O.Angulugaha-COBSCcomp192p-59UITests" */ = {
			isa = XCConfigurationList;
			buildConfigurations = (
				E2B6BA10273ED6B800CBFDFB /* Debug */,
				E2B6BA11273ED6B800CBFDFB /* Release */,
			);
			defaultConfigurationIsVisible = 0;
			defaultConfigurationName = Release;
		};
/* End XCConfigurationList section */
	};
	rootObject = E2B6B9D7273ED6B600CBFDFB /* Project object */;
}
